// !$*UTF8*$!
{
	archiveVersion = 1;
	classes = {
	};
	objectVersion = 77;
	objects = {

/* Begin PBXBuildFile section */
		C479BFA42D437A4800ABB52D /* FirebaseAnalytics in Frameworks */ = {isa = PBXBuildFile; productRef = C479BFA32D437A4800ABB52D /* FirebaseAnalytics */; };
		C479BFA72D437E2E00ABB52D /* FirebaseAuth in Frameworks */ = {isa = PBXBuildFile; productRef = C479BFA62D437E2E00ABB52D /* FirebaseAuth */; };
		C4BB74EC2D43A60E00C1CFFB /* .gitignore in Resources */ = {isa = PBXBuildFile; fileRef = C4BB74EB2D43A60E00C1CFFB /* .gitignore */; };
/* End PBXBuildFile section */

/* Begin PBXContainerItemProxy section */
		C477741C2D398A55002DC5B1 /* PBXContainerItemProxy */ = {
			isa = PBXContainerItemProxy;
			containerPortal = C47774032D398A54002DC5B1 /* Project object */;
			proxyType = 1;
			remoteGlobalIDString = C477740A2D398A54002DC5B1;
			remoteInfo = WerkHub;
		};
		C47774262D398A55002DC5B1 /* PBXContainerItemProxy */ = {
			isa = PBXContainerItemProxy;
			containerPortal = C47774032D398A54002DC5B1 /* Project object */;
			proxyType = 1;
			remoteGlobalIDString = C477740A2D398A54002DC5B1;
			remoteInfo = WerkHub;
		};
/* End PBXContainerItemProxy section */

/* Begin PBXFileReference section */
		C477740B2D398A54002DC5B1 /* WerkHub.app */ = {isa = PBXFileReference; explicitFileType = wrapper.application; includeInIndex = 0; path = WerkHub.app; sourceTree = BUILT_PRODUCTS_DIR; };
		C477741B2D398A55002DC5B1 /* WerkHubTests.xctest */ = {isa = PBXFileReference; explicitFileType = wrapper.cfbundle; includeInIndex = 0; path = WerkHubTests.xctest; sourceTree = BUILT_PRODUCTS_DIR; };
		C47774252D398A55002DC5B1 /* WerkHubUITests.xctest */ = {isa = PBXFileReference; explicitFileType = wrapper.cfbundle; includeInIndex = 0; path = WerkHubUITests.xctest; sourceTree = BUILT_PRODUCTS_DIR; };
		C4BB74EB2D43A60E00C1CFFB /* .gitignore */ = {isa = PBXFileReference; lastKnownFileType = text; path = .gitignore; sourceTree = "<group>"; };
/* End PBXFileReference section */

/* Begin PBXFileSystemSynchronizedRootGroup section */
		C477740D2D398A54002DC5B1 /* WerkHub */ = {
			isa = PBXFileSystemSynchronizedRootGroup;
			path = WerkHub;
			sourceTree = "<group>";
		};
		C477741E2D398A55002DC5B1 /* WerkHubTests */ = {
			isa = PBXFileSystemSynchronizedRootGroup;
			path = WerkHubTests;
			sourceTree = "<group>";
		};
		C47774282D398A55002DC5B1 /* WerkHubUITests */ = {
			isa = PBXFileSystemSynchronizedRootGroup;
			path = WerkHubUITests;
			sourceTree = "<group>";
		};
/* End PBXFileSystemSynchronizedRootGroup section */

/* Begin PBXFrameworksBuildPhase section */
		C47774082D398A54002DC5B1 /* Frameworks */ = {
			isa = PBXFrameworksBuildPhase;
			buildActionMask = 2147483647;
			files = (
				C479BFA42D437A4800ABB52D /* FirebaseAnalytics in Frameworks */,
				C479BFA72D437E2E00ABB52D /* FirebaseAuth in Frameworks */,
			);
			runOnlyForDeploymentPostprocessing = 0;
		};
		C47774182D398A55002DC5B1 /* Frameworks */ = {
			isa = PBXFrameworksBuildPhase;
			buildActionMask = 2147483647;
			files = (
			);
			runOnlyForDeploymentPostprocessing = 0;
		};
		C47774222D398A55002DC5B1 /* Frameworks */ = {
			isa = PBXFrameworksBuildPhase;
			buildActionMask = 2147483647;
			files = (
			);
			runOnlyForDeploymentPostprocessing = 0;
		};
/* End PBXFrameworksBuildPhase section */

/* Begin PBXGroup section */
		C47774022D398A54002DC5B1 = {
			isa = PBXGroup;
			children = (
				C4BB74EB2D43A60E00C1CFFB /* .gitignore */,
				C477740D2D398A54002DC5B1 /* WerkHub */,
				C477741E2D398A55002DC5B1 /* WerkHubTests */,
				C47774282D398A55002DC5B1 /* WerkHubUITests */,
				C479BFA52D437E2E00ABB52D /* Frameworks */,
				C477740C2D398A54002DC5B1 /* Products */,
			);
			sourceTree = "<group>";
		};
		C477740C2D398A54002DC5B1 /* Products */ = {
			isa = PBXGroup;
			children = (
				C477740B2D398A54002DC5B1 /* WerkHub.app */,
				C477741B2D398A55002DC5B1 /* WerkHubTests.xctest */,
				C47774252D398A55002DC5B1 /* WerkHubUITests.xctest */,
			);
			name = Products;
			sourceTree = "<group>";
		};
		C479BFA52D437E2E00ABB52D /* Frameworks */ = {
			isa = PBXGroup;
			children = (
			);
			name = Frameworks;
			sourceTree = "<group>";
		};
/* End PBXGroup section */

/* Begin PBXNativeTarget section */
		C477740A2D398A54002DC5B1 /* WerkHub */ = {
			isa = PBXNativeTarget;
			buildConfigurationList = C477742F2D398A55002DC5B1 /* Build configuration list for PBXNativeTarget "WerkHub" */;
			buildPhases = (
				C47774072D398A54002DC5B1 /* Sources */,
				C47774082D398A54002DC5B1 /* Frameworks */,
				C47774092D398A54002DC5B1 /* Resources */,
			);
			buildRules = (
			);
			dependencies = (
			);
			fileSystemSynchronizedGroups = (
				C477740D2D398A54002DC5B1 /* WerkHub */,
			);
			name = WerkHub;
			packageProductDependencies = (
				C479BFA32D437A4800ABB52D /* FirebaseAnalytics */,
				C479BFA62D437E2E00ABB52D /* FirebaseAuth */,
			);
			productName = WerkHub;
			productReference = C477740B2D398A54002DC5B1 /* WerkHub.app */;
			productType = "com.apple.product-type.application";
		};
		C477741A2D398A55002DC5B1 /* WerkHubTests */ = {
			isa = PBXNativeTarget;
			buildConfigurationList = C47774322D398A55002DC5B1 /* Build configuration list for PBXNativeTarget "WerkHubTests" */;
			buildPhases = (
				C47774172D398A55002DC5B1 /* Sources */,
				C47774182D398A55002DC5B1 /* Frameworks */,
				C47774192D398A55002DC5B1 /* Resources */,
			);
			buildRules = (
			);
			dependencies = (
				C477741D2D398A55002DC5B1 /* PBXTargetDependency */,
			);
			fileSystemSynchronizedGroups = (
				C477741E2D398A55002DC5B1 /* WerkHubTests */,
			);
			name = WerkHubTests;
			packageProductDependencies = (
			);
			productName = WerkHubTests;
			productReference = C477741B2D398A55002DC5B1 /* WerkHubTests.xctest */;
			productType = "com.apple.product-type.bundle.unit-test";
		};
		C47774242D398A55002DC5B1 /* WerkHubUITests */ = {
			isa = PBXNativeTarget;
			buildConfigurationList = C47774352D398A55002DC5B1 /* Build configuration list for PBXNativeTarget "WerkHubUITests" */;
			buildPhases = (
				C47774212D398A55002DC5B1 /* Sources */,
				C47774222D398A55002DC5B1 /* Frameworks */,
				C47774232D398A55002DC5B1 /* Resources */,
			);
			buildRules = (
			);
			dependencies = (
				C47774272D398A55002DC5B1 /* PBXTargetDependency */,
			);
			fileSystemSynchronizedGroups = (
				C47774282D398A55002DC5B1 /* WerkHubUITests */,
			);
			name = WerkHubUITests;
			packageProductDependencies = (
			);
			productName = WerkHubUITests;
			productReference = C47774252D398A55002DC5B1 /* WerkHubUITests.xctest */;
			productType = "com.apple.product-type.bundle.ui-testing";
		};
/* End PBXNativeTarget section */

/* Begin PBXProject section */
		C47774032D398A54002DC5B1 /* Project object */ = {
			isa = PBXProject;
			attributes = {
				BuildIndependentTargetsInParallel = 1;
				LastSwiftUpdateCheck = 1620;
				LastUpgradeCheck = 1620;
				TargetAttributes = {
					C477740A2D398A54002DC5B1 = {
						CreatedOnToolsVersion = 16.2;
					};
					C477741A2D398A55002DC5B1 = {
						CreatedOnToolsVersion = 16.2;
						TestTargetID = C477740A2D398A54002DC5B1;
					};
					C47774242D398A55002DC5B1 = {
						CreatedOnToolsVersion = 16.2;
						TestTargetID = C477740A2D398A54002DC5B1;
					};
				};
			};
			buildConfigurationList = C47774062D398A54002DC5B1 /* Build configuration list for PBXProject "WerkHub" */;
			developmentRegion = en;
			hasScannedForEncodings = 0;
			knownRegions = (
				en,
				Base,
			);
			mainGroup = C47774022D398A54002DC5B1;
			minimizedProjectReferenceProxies = 1;
			packageReferences = (
				C479BFA22D437A4800ABB52D /* XCRemoteSwiftPackageReference "firebase-ios-sdk" */,
			);
			preferredProjectObjectVersion = 77;
			productRefGroup = C477740C2D398A54002DC5B1 /* Products */;
			projectDirPath = "";
			projectRoot = "";
			targets = (
				C477740A2D398A54002DC5B1 /* WerkHub */,
				C477741A2D398A55002DC5B1 /* WerkHubTests */,
				C47774242D398A55002DC5B1 /* WerkHubUITests */,
			);
		};
/* End PBXProject section */

/* Begin PBXResourcesBuildPhase section */
		C47774092D398A54002DC5B1 /* Resources */ = {
			isa = PBXResourcesBuildPhase;
			buildActionMask = 2147483647;
			files = (
				C4BB74EC2D43A60E00C1CFFB /* .gitignore in Resources */,
			);
			runOnlyForDeploymentPostprocessing = 0;
		};
		C47774192D398A55002DC5B1 /* Resources */ = {
			isa = PBXResourcesBuildPhase;
			buildActionMask = 2147483647;
			files = (
			);
			runOnlyForDeploymentPostprocessing = 0;
		};
		C47774232D398A55002DC5B1 /* Resources */ = {
			isa = PBXResourcesBuildPhase;
			buildActionMask = 2147483647;
			files = (
			);
			runOnlyForDeploymentPostprocessing = 0;
		};
/* End PBXResourcesBuildPhase section */

/* Begin PBXSourcesBuildPhase section */
		C47774072D398A54002DC5B1 /* Sources */ = {
			isa = PBXSourcesBuildPhase;
			buildActionMask = 2147483647;
			files = (
			);
			runOnlyForDeploymentPostprocessing = 0;
		};
		C47774172D398A55002DC5B1 /* Sources */ = {
			isa = PBXSourcesBuildPhase;
			buildActionMask = 2147483647;
			files = (
			);
			runOnlyForDeploymentPostprocessing = 0;
		};
		C47774212D398A55002DC5B1 /* Sources */ = {
			isa = PBXSourcesBuildPhase;
			buildActionMask = 2147483647;
			files = (
			);
			runOnlyForDeploymentPostprocessing = 0;
		};
/* End PBXSourcesBuildPhase section */

/* Begin PBXTargetDependency section */
		C477741D2D398A55002DC5B1 /* PBXTargetDependency */ = {
			isa = PBXTargetDependency;
			target = C477740A2D398A54002DC5B1 /* WerkHub */;
			targetProxy = C477741C2D398A55002DC5B1 /* PBXContainerItemProxy */;
		};
		C47774272D398A55002DC5B1 /* PBXTargetDependency */ = {
			isa = PBXTargetDependency;
			target = C477740A2D398A54002DC5B1 /* WerkHub */;
			targetProxy = C47774262D398A55002DC5B1 /* PBXContainerItemProxy */;
		};
/* End PBXTargetDependency section */

/* Begin XCBuildConfiguration section */
		C477742D2D398A55002DC5B1 /* Debug */ = {
			isa = XCBuildConfiguration;
			buildSettings = {
				ALWAYS_SEARCH_USER_PATHS = NO;
				ASSETCATALOG_COMPILER_GENERATE_SWIFT_ASSET_SYMBOL_EXTENSIONS = YES;
				CLANG_ANALYZER_NONNULL = YES;
				CLANG_ANALYZER_NUMBER_OBJECT_CONVERSION = YES_AGGRESSIVE;
				CLANG_CXX_LANGUAGE_STANDARD = "gnu++20";
				CLANG_ENABLE_MODULES = YES;
				CLANG_ENABLE_OBJC_ARC = YES;
				CLANG_ENABLE_OBJC_WEAK = YES;
				CLANG_WARN_BLOCK_CAPTURE_AUTORELEASING = YES;
				CLANG_WARN_BOOL_CONVERSION = YES;
				CLANG_WARN_COMMA = YES;
				CLANG_WARN_CONSTANT_CONVERSION = YES;
				CLANG_WARN_DEPRECATED_OBJC_IMPLEMENTATIONS = YES;
				CLANG_WARN_DIRECT_OBJC_ISA_USAGE = YES_ERROR;
				CLANG_WARN_DOCUMENTATION_COMMENTS = YES;
				CLANG_WARN_EMPTY_BODY = YES;
				CLANG_WARN_ENUM_CONVERSION = YES;
				CLANG_WARN_INFINITE_RECURSION = YES;
				CLANG_WARN_INT_CONVERSION = YES;
				CLANG_WARN_NON_LITERAL_NULL_CONVERSION = YES;
				CLANG_WARN_OBJC_IMPLICIT_RETAIN_SELF = YES;
				CLANG_WARN_OBJC_LITERAL_CONVERSION = YES;
				CLANG_WARN_OBJC_ROOT_CLASS = YES_ERROR;
				CLANG_WARN_QUOTED_INCLUDE_IN_FRAMEWORK_HEADER = YES;
				CLANG_WARN_RANGE_LOOP_ANALYSIS = YES;
				CLANG_WARN_STRICT_PROTOTYPES = YES;
				CLANG_WARN_SUSPICIOUS_MOVE = YES;
				CLANG_WARN_UNGUARDED_AVAILABILITY = YES_AGGRESSIVE;
				CLANG_WARN_UNREACHABLE_CODE = YES;
				CLANG_WARN__DUPLICATE_METHOD_MATCH = YES;
				COPY_PHASE_STRIP = NO;
				DEBUG_INFORMATION_FORMAT = dwarf;
				ENABLE_STRICT_OBJC_MSGSEND = YES;
				ENABLE_TESTABILITY = YES;
				ENABLE_USER_SCRIPT_SANDBOXING = YES;
				GCC_C_LANGUAGE_STANDARD = gnu17;
				GCC_DYNAMIC_NO_PIC = NO;
				GCC_NO_COMMON_BLOCKS = YES;
				GCC_OPTIMIZATION_LEVEL = 0;
				GCC_PREPROCESSOR_DEFINITIONS = (
					"DEBUG=1",
					"$(inherited)",
				);
				GCC_WARN_64_TO_32_BIT_CONVERSION = YES;
				GCC_WARN_ABOUT_RETURN_TYPE = YES_ERROR;
				GCC_WARN_UNDECLARED_SELECTOR = YES;
				GCC_WARN_UNINITIALIZED_AUTOS = YES_AGGRESSIVE;
				GCC_WARN_UNUSED_FUNCTION = YES;
				GCC_WARN_UNUSED_VARIABLE = YES;
				IPHONEOS_DEPLOYMENT_TARGET = 18.2;
				LOCALIZATION_PREFERS_STRING_CATALOGS = YES;
				MTL_ENABLE_DEBUG_INFO = INCLUDE_SOURCE;
				MTL_FAST_MATH = YES;
				ONLY_ACTIVE_ARCH = YES;
				SDKROOT = iphoneos;
				SWIFT_ACTIVE_COMPILATION_CONDITIONS = "DEBUG $(inherited)";
				SWIFT_OPTIMIZATION_LEVEL = "-Onone";
			};
			name = Debug;
		};
		C477742E2D398A55002DC5B1 /* Release */ = {
			isa = XCBuildConfiguration;
			buildSettings = {
				ALWAYS_SEARCH_USER_PATHS = NO;
				ASSETCATALOG_COMPILER_GENERATE_SWIFT_ASSET_SYMBOL_EXTENSIONS = YES;
				CLANG_ANALYZER_NONNULL = YES;
				CLANG_ANALYZER_NUMBER_OBJECT_CONVERSION = YES_AGGRESSIVE;
				CLANG_CXX_LANGUAGE_STANDARD = "gnu++20";
				CLANG_ENABLE_MODULES = YES;
				CLANG_ENABLE_OBJC_ARC = YES;
				CLANG_ENABLE_OBJC_WEAK = YES;
				CLANG_WARN_BLOCK_CAPTURE_AUTORELEASING = YES;
				CLANG_WARN_BOOL_CONVERSION = YES;
				CLANG_WARN_COMMA = YES;
				CLANG_WARN_CONSTANT_CONVERSION = YES;
				CLANG_WARN_DEPRECATED_OBJC_IMPLEMENTATIONS = YES;
				CLANG_WARN_DIRECT_OBJC_ISA_USAGE = YES_ERROR;
				CLANG_WARN_DOCUMENTATION_COMMENTS = YES;
				CLANG_WARN_EMPTY_BODY = YES;
				CLANG_WARN_ENUM_CONVERSION = YES;
				CLANG_WARN_INFINITE_RECURSION = YES;
				CLANG_WARN_INT_CONVERSION = YES;
				CLANG_WARN_NON_LITERAL_NULL_CONVERSION = YES;
				CLANG_WARN_OBJC_IMPLICIT_RETAIN_SELF = YES;
				CLANG_WARN_OBJC_LITERAL_CONVERSION = YES;
				CLANG_WARN_OBJC_ROOT_CLASS = YES_ERROR;
				CLANG_WARN_QUOTED_INCLUDE_IN_FRAMEWORK_HEADER = YES;
				CLANG_WARN_RANGE_LOOP_ANALYSIS = YES;
				CLANG_WARN_STRICT_PROTOTYPES = YES;
				CLANG_WARN_SUSPICIOUS_MOVE = YES;
				CLANG_WARN_UNGUARDED_AVAILABILITY = YES_AGGRESSIVE;
				CLANG_WARN_UNREACHABLE_CODE = YES;
				CLANG_WARN__DUPLICATE_METHOD_MATCH = YES;
				COPY_PHASE_STRIP = NO;
				DEBUG_INFORMATION_FORMAT = "dwarf-with-dsym";
				ENABLE_NS_ASSERTIONS = NO;
				ENABLE_STRICT_OBJC_MSGSEND = YES;
				ENABLE_USER_SCRIPT_SANDBOXING = YES;
				GCC_C_LANGUAGE_STANDARD = gnu17;
				GCC_NO_COMMON_BLOCKS = YES;
				GCC_WARN_64_TO_32_BIT_CONVERSION = YES;
				GCC_WARN_ABOUT_RETURN_TYPE = YES_ERROR;
				GCC_WARN_UNDECLARED_SELECTOR = YES;
				GCC_WARN_UNINITIALIZED_AUTOS = YES_AGGRESSIVE;
				GCC_WARN_UNUSED_FUNCTION = YES;
				GCC_WARN_UNUSED_VARIABLE = YES;
				IPHONEOS_DEPLOYMENT_TARGET = 18.2;
				LOCALIZATION_PREFERS_STRING_CATALOGS = YES;
				MTL_ENABLE_DEBUG_INFO = NO;
				MTL_FAST_MATH = YES;
				SDKROOT = iphoneos;
				SWIFT_COMPILATION_MODE = wholemodule;
				VALIDATE_PRODUCT = YES;
			};
			name = Release;
		};
		C47774302D398A55002DC5B1 /* Debug */ = {
			isa = XCBuildConfiguration;
			buildSettings = {
				ASSETCATALOG_COMPILER_APPICON_NAME = AppIcon;
				ASSETCATALOG_COMPILER_GLOBAL_ACCENT_COLOR_NAME = AccentColor;
				CODE_SIGN_STYLE = Automatic;
				CURRENT_PROJECT_VERSION = 1;
				DEVELOPMENT_ASSET_PATHS = "\"WerkHub/Preview Content\"";
				DEVELOPMENT_TEAM = RPAV7K5489;
				ENABLE_PREVIEWS = YES;
				GENERATE_INFOPLIST_FILE = YES;
				INFOPLIST_KEY_UIApplicationSceneManifest_Generation = YES;
				INFOPLIST_KEY_UIApplicationSupportsIndirectInputEvents = YES;
				INFOPLIST_KEY_UILaunchScreen_Generation = YES;
				INFOPLIST_KEY_UILaunchStoryboardName = LaunchScreen.storyboard;
				INFOPLIST_KEY_UISupportedInterfaceOrientations_iPad = "UIInterfaceOrientationPortrait UIInterfaceOrientationPortraitUpsideDown UIInterfaceOrientationLandscapeLeft UIInterfaceOrientationLandscapeRight";
				INFOPLIST_KEY_UISupportedInterfaceOrientations_iPhone = "UIInterfaceOrientationPortrait UIInterfaceOrientationLandscapeLeft UIInterfaceOrientationLandscapeRight";
				IPHONEOS_DEPLOYMENT_TARGET = 17.6;
				LD_RUNPATH_SEARCH_PATHS = (
					"$(inherited)",
					"@executable_path/Frameworks",
				);
				MARKETING_VERSION = 1.0;
				PRODUCT_BUNDLE_IDENTIFIER = com.hvelasco.WerkHub;
				PRODUCT_NAME = "$(TARGET_NAME)";
				SUPPORTED_PLATFORMS = "iphoneos iphonesimulator";
				SUPPORTS_MACCATALYST = NO;
				SUPPORTS_MAC_DESIGNED_FOR_IPHONE_IPAD = NO;
				SWIFT_EMIT_LOC_STRINGS = YES;
				SWIFT_VERSION = 5.0;
				TARGETED_DEVICE_FAMILY = 1;
			};
			name = Debug;
		};
		C47774312D398A55002DC5B1 /* Release */ = {
			isa = XCBuildConfiguration;
			buildSettings = {
				ASSETCATALOG_COMPILER_APPICON_NAME = AppIcon;
				ASSETCATALOG_COMPILER_GLOBAL_ACCENT_COLOR_NAME = AccentColor;
				CODE_SIGN_STYLE = Automatic;
				CURRENT_PROJECT_VERSION = 1;
				DEVELOPMENT_ASSET_PATHS = "\"WerkHub/Preview Content\"";
				DEVELOPMENT_TEAM = RPAV7K5489;
				ENABLE_PREVIEWS = YES;
				GENERATE_INFOPLIST_FILE = YES;
				INFOPLIST_KEY_UIApplicationSceneManifest_Generation = YES;
				INFOPLIST_KEY_UIApplicationSupportsIndirectInputEvents = YES;
				INFOPLIST_KEY_UILaunchScreen_Generation = YES;
				INFOPLIST_KEY_UILaunchStoryboardName = LaunchScreen.storyboard;
				INFOPLIST_KEY_UISupportedInterfaceOrientations_iPad = "UIInterfaceOrientationPortrait UIInterfaceOrientationPortraitUpsideDown UIInterfaceOrientationLandscapeLeft UIInterfaceOrientationLandscapeRight";
				INFOPLIST_KEY_UISupportedInterfaceOrientations_iPhone = "UIInterfaceOrientationPortrait UIInterfaceOrientationLandscapeLeft UIInterfaceOrientationLandscapeRight";
				IPHONEOS_DEPLOYMENT_TARGET = 17.6;
				LD_RUNPATH_SEARCH_PATHS = (
					"$(inherited)",
					"@executable_path/Frameworks",
				);
				MARKETING_VERSION = 1.0;
				PRODUCT_BUNDLE_IDENTIFIER = com.hvelasco.WerkHub;
				PRODUCT_NAME = "$(TARGET_NAME)";
				SUPPORTED_PLATFORMS = "iphoneos iphonesimulator";
				SUPPORTS_MACCATALYST = NO;
				SUPPORTS_MAC_DESIGNED_FOR_IPHONE_IPAD = NO;
				SWIFT_EMIT_LOC_STRINGS = YES;
				SWIFT_VERSION = 5.0;
				TARGETED_DEVICE_FAMILY = 1;
			};
			name = Release;
		};
		C47774332D398A55002DC5B1 /* Debug */ = {
			isa = XCBuildConfiguration;
			buildSettings = {
				BUNDLE_LOADER = "$(TEST_HOST)";
				CODE_SIGN_STYLE = Automatic;
				CURRENT_PROJECT_VERSION = 1;
				DEVELOPMENT_TEAM = RPAV7K5489;
				GENERATE_INFOPLIST_FILE = YES;
				IPHONEOS_DEPLOYMENT_TARGET = 18.2;
				MARKETING_VERSION = 1.0;
				PRODUCT_BUNDLE_IDENTIFIER = com.hvelasco.WerkHubTests;
				PRODUCT_NAME = "$(TARGET_NAME)";
				SWIFT_EMIT_LOC_STRINGS = NO;
				SWIFT_VERSION = 5.0;
				TARGETED_DEVICE_FAMILY = "1,2";
				TEST_HOST = "$(BUILT_PRODUCTS_DIR)/WerkHub.app/$(BUNDLE_EXECUTABLE_FOLDER_PATH)/WerkHub";
			};
			name = Debug;
		};
		C47774342D398A55002DC5B1 /* Release */ = {
			isa = XCBuildConfiguration;
			buildSettings = {
				BUNDLE_LOADER = "$(TEST_HOST)";
				CODE_SIGN_STYLE = Automatic;
				CURRENT_PROJECT_VERSION = 1;
				DEVELOPMENT_TEAM = RPAV7K5489;
				GENERATE_INFOPLIST_FILE = YES;
				IPHONEOS_DEPLOYMENT_TARGET = 18.2;
				MARKETING_VERSION = 1.0;
				PRODUCT_BUNDLE_IDENTIFIER = com.hvelasco.WerkHubTests;
				PRODUCT_NAME = "$(TARGET_NAME)";
				SWIFT_EMIT_LOC_STRINGS = NO;
				SWIFT_VERSION = 5.0;
				TARGETED_DEVICE_FAMILY = "1,2";
				TEST_HOST = "$(BUILT_PRODUCTS_DIR)/WerkHub.app/$(BUNDLE_EXECUTABLE_FOLDER_PATH)/WerkHub";
			};
			name = Release;
		};
		C47774362D398A55002DC5B1 /* Debug */ = {
			isa = XCBuildConfiguration;
			buildSettings = {
				CODE_SIGN_STYLE = Automatic;
				CURRENT_PROJECT_VERSION = 1;
				DEVELOPMENT_TEAM = RPAV7K5489;
				GENERATE_INFOPLIST_FILE = YES;
				MARKETING_VERSION = 1.0;
				PRODUCT_BUNDLE_IDENTIFIER = com.hvelasco.WerkHubUITests;
				PRODUCT_NAME = "$(TARGET_NAME)";
				SWIFT_EMIT_LOC_STRINGS = NO;
				SWIFT_VERSION = 5.0;
				TARGETED_DEVICE_FAMILY = "1,2";
				TEST_TARGET_NAME = WerkHub;
			};
			name = Debug;
		};
		C47774372D398A55002DC5B1 /* Release */ = {
			isa = XCBuildConfiguration;
			buildSettings = {
				CODE_SIGN_STYLE = Automatic;
				CURRENT_PROJECT_VERSION = 1;
				DEVELOPMENT_TEAM = RPAV7K5489;
				GENERATE_INFOPLIST_FILE = YES;
				MARKETING_VERSION = 1.0;
				PRODUCT_BUNDLE_IDENTIFIER = com.hvelasco.WerkHubUITests;
				PRODUCT_NAME = "$(TARGET_NAME)";
				SWIFT_EMIT_LOC_STRINGS = NO;
				SWIFT_VERSION = 5.0;
				TARGETED_DEVICE_FAMILY = "1,2";
				TEST_TARGET_NAME = WerkHub;
			};
			name = Release;
		};
/* End XCBuildConfiguration section */

/* Begin XCConfigurationList section */
		C47774062D398A54002DC5B1 /* Build configuration list for PBXProject "WerkHub" */ = {
			isa = XCConfigurationList;
			buildConfigurations = (
				C477742D2D398A55002DC5B1 /* Debug */,
				C477742E2D398A55002DC5B1 /* Release */,
			);
			defaultConfigurationIsVisible = 0;
			defaultConfigurationName = Release;
		};
		C477742F2D398A55002DC5B1 /* Build configuration list for PBXNativeTarget "WerkHub" */ = {
			isa = XCConfigurationList;
			buildConfigurations = (
				C47774302D398A55002DC5B1 /* Debug */,
				C47774312D398A55002DC5B1 /* Release */,
			);
			defaultConfigurationIsVisible = 0;
			defaultConfigurationName = Release;
		};
		C47774322D398A55002DC5B1 /* Build configuration list for PBXNativeTarget "WerkHubTests" */ = {
			isa = XCConfigurationList;
			buildConfigurations = (
				C47774332D398A55002DC5B1 /* Debug */,
				C47774342D398A55002DC5B1 /* Release */,
			);
			defaultConfigurationIsVisible = 0;
			defaultConfigurationName = Release;
		};
		C47774352D398A55002DC5B1 /* Build configuration list for PBXNativeTarget "WerkHubUITests" */ = {
			isa = XCConfigurationList;
			buildConfigurations = (
				C47774362D398A55002DC5B1 /* Debug */,
				C47774372D398A55002DC5B1 /* Release */,
			);
			defaultConfigurationIsVisible = 0;
			defaultConfigurationName = Release;
		};
/* End XCConfigurationList section */

/* Begin XCRemoteSwiftPackageReference section */
		C479BFA22D437A4800ABB52D /* XCRemoteSwiftPackageReference "firebase-ios-sdk" */ = {
			isa = XCRemoteSwiftPackageReference;
			repositoryURL = "https://github.com/firebase/firebase-ios-sdk";
			requirement = {
				kind = upToNextMajorVersion;
				minimumVersion = 11.7.0;
			};
		};
/* End XCRemoteSwiftPackageReference section */

/* Begin XCSwiftPackageProductDependency section */
		C479BFA32D437A4800ABB52D /* FirebaseAnalytics */ = {
			isa = XCSwiftPackageProductDependency;
			package = C479BFA22D437A4800ABB52D /* XCRemoteSwiftPackageReference "firebase-ios-sdk" */;
			productName = FirebaseAnalytics;
		};
		C479BFA62D437E2E00ABB52D /* FirebaseAuth */ = {
			isa = XCSwiftPackageProductDependency;
			package = C479BFA22D437A4800ABB52D /* XCRemoteSwiftPackageReference "firebase-ios-sdk" */;
			productName = FirebaseAuth;
		};
/* End XCSwiftPackageProductDependency section */
	};
	rootObject = C47774032D398A54002DC5B1 /* Project object */;
}
